// !$*UTF8*$!
{
	archiveVersion = 1;
	classes = {
	};
	objectVersion = 46;
	objects = {

/* Begin PBXBuildFile section */
		9C2F0F84198B1D85009CE205 /* main.m in Sources */ = {isa = PBXBuildFile; fileRef = 9C2F0F83198B1D85009CE205 /* main.m */; };
		9C2F0F87198B1D85009CE205 /* AppDelegate.m in Sources */ = {isa = PBXBuildFile; fileRef = 9C2F0F86198B1D85009CE205 /* AppDelegate.m */; };
		9C2F0F89198B1D85009CE205 /* Images.xcassets in Resources */ = {isa = PBXBuildFile; fileRef = 9C2F0F88198B1D85009CE205 /* Images.xcassets */; };
		9C2F0F95198B1D85009CE205 /* FaceMergeTests.m in Sources */ = {isa = PBXBuildFile; fileRef = 9C2F0F94198B1D85009CE205 /* FaceMergeTests.m */; };
/* End PBXBuildFile section */

/* Begin PBXContainerItemProxy section */
		9C2F0F8F198B1D85009CE205 /* PBXContainerItemProxy */ = {
			isa = PBXContainerItemProxy;
			containerPortal = 9C2F0F76198B1D85009CE205 /* Project object */;
			proxyType = 1;
			remoteGlobalIDString = 9C2F0F7D198B1D85009CE205;
			remoteInfo = FaceMerge;
		};
/* End PBXContainerItemProxy section */

/* Begin PBXFileReference section */
		9C2F0F7E198B1D85009CE205 /* FaceMerge.app */ = {isa = PBXFileReference; explicitFileType = wrapper.application; includeInIndex = 0; path = FaceMerge.app; sourceTree = BUILT_PRODUCTS_DIR; };
		9C2F0F82198B1D85009CE205 /* Info.plist */ = {isa = PBXFileReference; lastKnownFileType = text.plist.xml; path = Info.plist; sourceTree = "<group>"; };
		9C2F0F83198B1D85009CE205 /* main.m */ = {isa = PBXFileReference; lastKnownFileType = sourcecode.c.objc; path = main.m; sourceTree = "<group>"; };
		9C2F0F85198B1D85009CE205 /* AppDelegate.h */ = {isa = PBXFileReference; lastKnownFileType = sourcecode.c.h; path = AppDelegate.h; sourceTree = "<group>"; };
		9C2F0F86198B1D85009CE205 /* AppDelegate.m */ = {isa = PBXFileReference; lastKnownFileType = sourcecode.c.objc; path = AppDelegate.m; sourceTree = "<group>"; };
		9C2F0F88198B1D85009CE205 /* Images.xcassets */ = {isa = PBXFileReference; lastKnownFileType = folder.assetcatalog; path = Images.xcassets; sourceTree = "<group>"; };
		9C2F0F8E198B1D85009CE205 /* FaceMergeTests.xctest */ = {isa = PBXFileReference; explicitFileType = wrapper.cfbundle; includeInIndex = 0; path = FaceMergeTests.xctest; sourceTree = BUILT_PRODUCTS_DIR; };
		9C2F0F93198B1D85009CE205 /* Info.plist */ = {isa = PBXFileReference; lastKnownFileType = text.plist.xml; path = Info.plist; sourceTree = "<group>"; };
		9C2F0F94198B1D85009CE205 /* FaceMergeTests.m */ = {isa = PBXFileReference; lastKnownFileType = sourcecode.c.objc; path = FaceMergeTests.m; sourceTree = "<group>"; };
/* End PBXFileReference section */

/* Begin PBXFrameworksBuildPhase section */
		9C2F0F7B198B1D85009CE205 /* Frameworks */ = {
			isa = PBXFrameworksBuildPhase;
			buildActionMask = 2147483647;
			files = (
			);
			runOnlyForDeploymentPostprocessing = 0;
		};
		9C2F0F8B198B1D85009CE205 /* Frameworks */ = {
			isa = PBXFrameworksBuildPhase;
			buildActionMask = 2147483647;
			files = (
			);
			runOnlyForDeploymentPostprocessing = 0;
		};
/* End PBXFrameworksBuildPhase section */

/* Begin PBXGroup section */
		9C2F0F75198B1D85009CE205 = {
			isa = PBXGroup;
			children = (
				9C2F0F80198B1D85009CE205 /* FaceMerge */,
				9C2F0F91198B1D85009CE205 /* FaceMergeTests */,
				9C2F0F7F198B1D85009CE205 /* Products */,
			);
			sourceTree = "<group>";
		};
		9C2F0F7F198B1D85009CE205 /* Products */ = {
			isa = PBXGroup;
			children = (
				9C2F0F7E198B1D85009CE205 /* FaceMerge.app */,
				9C2F0F8E198B1D85009CE205 /* FaceMergeTests.xctest */,
			);
			name = Products;
			sourceTree = "<group>";
		};
		9C2F0F80198B1D85009CE205 /* FaceMerge */ = {
			isa = PBXGroup;
			children = (
				9C2F0F85198B1D85009CE205 /* AppDelegate.h */,
				9C2F0F86198B1D85009CE205 /* AppDelegate.m */,
				9C2F0F88198B1D85009CE205 /* Images.xcassets */,
				9C2F0F81198B1D85009CE205 /* Supporting Files */,
			);
			path = FaceMerge;
			sourceTree = "<group>";
		};
		9C2F0F81198B1D85009CE205 /* Supporting Files */ = {
			isa = PBXGroup;
			children = (
				9C2F0F82198B1D85009CE205 /* Info.plist */,
				9C2F0F83198B1D85009CE205 /* main.m */,
			);
			name = "Supporting Files";
			sourceTree = "<group>";
		};
		9C2F0F91198B1D85009CE205 /* FaceMergeTests */ = {
			isa = PBXGroup;
			children = (
				9C2F0F94198B1D85009CE205 /* FaceMergeTests.m */,
				9C2F0F92198B1D85009CE205 /* Supporting Files */,
			);
			path = FaceMergeTests;
			sourceTree = "<group>";
		};
		9C2F0F92198B1D85009CE205 /* Supporting Files */ = {
			isa = PBXGroup;
			children = (
				9C2F0F93198B1D85009CE205 /* Info.plist */,
			);
			name = "Supporting Files";
			sourceTree = "<group>";
		};
/* End PBXGroup section */

/* Begin PBXNativeTarget section */
		9C2F0F7D198B1D85009CE205 /* FaceMerge */ = {
			isa = PBXNativeTarget;
			buildConfigurationList = 9C2F0F98198B1D85009CE205 /* Build configuration list for PBXNativeTarget "FaceMerge" */;
			buildPhases = (
				9C2F0F7A198B1D85009CE205 /* Sources */,
				9C2F0F7B198B1D85009CE205 /* Frameworks */,
				9C2F0F7C198B1D85009CE205 /* Resources */,
			);
			buildRules = (
			);
			dependencies = (
			);
			name = FaceMerge;
			productName = FaceMerge;
			productReference = 9C2F0F7E198B1D85009CE205 /* FaceMerge.app */;
			productType = "com.apple.product-type.application";
		};
		9C2F0F8D198B1D85009CE205 /* FaceMergeTests */ = {
			isa = PBXNativeTarget;
			buildConfigurationList = 9C2F0F9B198B1D85009CE205 /* Build configuration list for PBXNativeTarget "FaceMergeTests" */;
			buildPhases = (
				9C2F0F8A198B1D85009CE205 /* Sources */,
				9C2F0F8B198B1D85009CE205 /* Frameworks */,
				9C2F0F8C198B1D85009CE205 /* Resources */,
			);
			buildRules = (
			);
			dependencies = (
				9C2F0F90198B1D85009CE205 /* PBXTargetDependency */,
			);
			name = FaceMergeTests;
			productName = FaceMergeTests;
			productReference = 9C2F0F8E198B1D85009CE205 /* FaceMergeTests.xctest */;
			productType = "com.apple.product-type.bundle.unit-test";
		};
/* End PBXNativeTarget section */

/* Begin PBXProject section */
		9C2F0F76198B1D85009CE205 /* Project object */ = {
			isa = PBXProject;
			attributes = {
				LastUpgradeCheck = 0600;
				ORGANIZATIONNAME = "zheng lingshan";
				TargetAttributes = {
					9C2F0F7D198B1D85009CE205 = {
						CreatedOnToolsVersion = 6.0;
					};
					9C2F0F8D198B1D85009CE205 = {
						CreatedOnToolsVersion = 6.0;
						TestTargetID = 9C2F0F7D198B1D85009CE205;
					};
				};
			};
			buildConfigurationList = 9C2F0F79198B1D85009CE205 /* Build configuration list for PBXProject "FaceMerge" */;
			compatibilityVersion = "Xcode 3.2";
			developmentRegion = English;
			hasScannedForEncodings = 0;
			knownRegions = (
				en,
			);
			mainGroup = 9C2F0F75198B1D85009CE205;
			productRefGroup = 9C2F0F7F198B1D85009CE205 /* Products */;
			projectDirPath = "";
			projectRoot = "";
			targets = (
				9C2F0F7D198B1D85009CE205 /* FaceMerge */,
				9C2F0F8D198B1D85009CE205 /* FaceMergeTests */,
			);
		};
/* End PBXProject section */

/* Begin PBXResourcesBuildPhase section */
		9C2F0F7C198B1D85009CE205 /* Resources */ = {
			isa = PBXResourcesBuildPhase;
			buildActionMask = 2147483647;
			files = (
				9C2F0F89198B1D85009CE205 /* Images.xcassets in Resources */,
			);
			runOnlyForDeploymentPostprocessing = 0;
		};
		9C2F0F8C198B1D85009CE205 /* Resources */ = {
			isa = PBXResourcesBuildPhase;
			buildActionMask = 2147483647;
			files = (
			);
			runOnlyForDeploymentPostprocessing = 0;
		};
/* End PBXResourcesBuildPhase section */

/* Begin PBXSourcesBuildPhase section */
		9C2F0F7A198B1D85009CE205 /* Sources */ = {
			isa = PBXSourcesBuildPhase;
			buildActionMask = 2147483647;
			files = (
				9C2F0F87198B1D85009CE205 /* AppDelegate.m in Sources */,
				9C2F0F84198B1D85009CE205 /* main.m in Sources */,
			);
			runOnlyForDeploymentPostprocessing = 0;
		};
		9C2F0F8A198B1D85009CE205 /* Sources */ = {
			isa = PBXSourcesBuildPhase;
			buildActionMask = 2147483647;
			files = (
				9C2F0F95198B1D85009CE205 /* FaceMergeTests.m in Sources */,
			);
			runOnlyForDeploymentPostprocessing = 0;
		};
/* End PBXSourcesBuildPhase section */

/* Begin PBXTargetDependency section */
		9C2F0F90198B1D85009CE205 /* PBXTargetDependency */ = {
			isa = PBXTargetDependency;
			target = 9C2F0F7D198B1D85009CE205 /* FaceMerge */;
			targetProxy = 9C2F0F8F198B1D85009CE205 /* PBXContainerItemProxy */;
		};
/* End PBXTargetDependency section */

/* Begin XCBuildConfiguration section */
		9C2F0F96198B1D85009CE205 /* Debug */ = {
			isa = XCBuildConfiguration;
			buildSettings = {
				ALWAYS_SEARCH_USER_PATHS = NO;
				CLANG_CXX_LANGUAGE_STANDARD = "gnu++0x";
				CLANG_CXX_LIBRARY = "libc++";
				CLANG_ENABLE_MODULES = YES;
				CLANG_ENABLE_OBJC_ARC = YES;
				CLANG_WARN_BOOL_CONVERSION = YES;
				CLANG_WARN_CONSTANT_CONVERSION = YES;
				CLANG_WARN_DIRECT_OBJC_ISA_USAGE = YES_ERROR;
				CLANG_WARN_EMPTY_BODY = YES;
				CLANG_WARN_ENUM_CONVERSION = YES;
				CLANG_WARN_INT_CONVERSION = YES;
				CLANG_WARN_OBJC_ROOT_CLASS = YES_ERROR;
				CLANG_WARN_UNREACHABLE_CODE = YES;
				CLANG_WARN__DUPLICATE_METHOD_MATCH = YES;
				"CODE_SIGN_IDENTITY[sdk=iphoneos*]" = "iPhone Developer";
				COPY_PHASE_STRIP = NO;
				ENABLE_STRICT_OBJC_MSGSEND = YES;
				GCC_C_LANGUAGE_STANDARD = gnu99;
				GCC_DYNAMIC_NO_PIC = NO;
				GCC_OPTIMIZATION_LEVEL = 0;
				GCC_PREPROCESSOR_DEFINITIONS = (
					"DEBUG=1",
					"$(inherited)",
				);
				GCC_SYMBOLS_PRIVATE_EXTERN = NO;
				GCC_WARN_64_TO_32_BIT_CONVERSION = YES;
				GCC_WARN_ABOUT_RETURN_TYPE = YES_ERROR;
				GCC_WARN_UNDECLARED_SELECTOR = YES;
				GCC_WARN_UNINITIALIZED_AUTOS = YES_AGGRESSIVE;
				GCC_WARN_UNUSED_FUNCTION = YES;
				GCC_WARN_UNUSED_VARIABLE = YES;
				IPHONEOS_DEPLOYMENT_TARGET = 8.0;
				METAL_ENABLE_DEBUG_INFO = YES;
				ONLY_ACTIVE_ARCH = YES;
				SDKROOT = iphoneos;
				TARGETED_DEVICE_FAMILY = "1,2";
			};
			name = Debug;
		};
		9C2F0F97198B1D85009CE205 /* Release */ = {
			isa = XCBuildConfiguration;
			buildSettings = {
				ALWAYS_SEARCH_USER_PATHS = NO;
				CLANG_CXX_LANGUAGE_STANDARD = "gnu++0x";
				CLANG_CXX_LIBRARY = "libc++";
				CLANG_ENABLE_MODULES = YES;
				CLANG_ENABLE_OBJC_ARC = YES;
				CLANG_WARN_BOOL_CONVERSION = YES;
				CLANG_WARN_CONSTANT_CONVERSION = YES;
				CLANG_WARN_DIRECT_OBJC_ISA_USAGE = YES_ERROR;
				CLANG_WARN_EMPTY_BODY = YES;
				CLANG_WARN_ENUM_CONVERSION = YES;
				CLANG_WARN_INT_CONVERSION = YES;
				CLANG_WARN_OBJC_ROOT_CLASS = YES_ERROR;
				CLANG_WARN_UNREACHABLE_CODE = YES;
				CLANG_WARN__DUPLICATE_METHOD_MATCH = YES;
				"CODE_SIGN_IDENTITY[sdk=iphoneos*]" = "iPhone Developer";
				COPY_PHASE_STRIP = YES;
				ENABLE_NS_ASSERTIONS = NO;
				ENABLE_STRICT_OBJC_MSGSEND = YES;
				GCC_C_LANGUAGE_STANDARD = gnu99;
				GCC_WARN_64_TO_32_BIT_CONVERSION = YES;
				GCC_WARN_ABOUT_RETURN_TYPE = YES_ERROR;
				GCC_WARN_UNDECLARED_SELECTOR = YES;
				GCC_WARN_UNINITIALIZED_AUTOS = YES_AGGRESSIVE;
				GCC_WARN_UNUSED_FUNCTION = YES;
				GCC_WARN_UNUSED_VARIABLE = YES;
				IPHONEOS_DEPLOYMENT_TARGET = 8.0;
				METAL_ENABLE_DEBUG_INFO = NO;
				SDKROOT = iphoneos;
				TARGETED_DEVICE_FAMILY = "1,2";
				VALIDATE_PRODUCT = YES;
			};
			name = Release;
		};
		9C2F0F99198B1D85009CE205 /* Debug */ = {
			isa = XCBuildConfiguration;
			buildSettings = {
				ASSETCATALOG_COMPILER_APPICON_NAME = AppIcon;
				ASSETCATALOG_COMPILER_LAUNCHIMAGE_NAME = LaunchImage;
				INFOPLIST_FILE = FaceMerge/Info.plist;
				LD_RUNPATH_SEARCH_PATHS = "$(inherited) @executable_path/Frameworks";
				PRODUCT_NAME = "$(TARGET_NAME)";
			};
			name = Debug;
		};
		9C2F0F9A198B1D85009CE205 /* Release */ = {
			isa = XCBuildConfiguration;
			buildSettings = {
				ASSETCATALOG_COMPILER_APPICON_NAME = AppIcon;
				ASSETCATALOG_COMPILER_LAUNCHIMAGE_NAME = LaunchImage;
				INFOPLIST_FILE = FaceMerge/Info.plist;
				LD_RUNPATH_SEARCH_PATHS = "$(inherited) @executable_path/Frameworks";
				PRODUCT_NAME = "$(TARGET_NAME)";
			};
			name = Release;
		};
		9C2F0F9C198B1D85009CE205 /* Debug */ = {
			isa = XCBuildConfiguration;
			buildSettings = {
				BUNDLE_LOADER = "$(BUILT_PRODUCTS_DIR)/FaceMerge.app/FaceMerge";
				FRAMEWORK_SEARCH_PATHS = (
					"$(SDKROOT)/Developer/Library/Frameworks",
					"$(inherited)",
				);
				GCC_PREPROCESSOR_DEFINITIONS = (
					"DEBUG=1",
					"$(inherited)",
				);
				INFOPLIST_FILE = FaceMergeTests/Info.plist;
				LD_RUNPATH_SEARCH_PATHS = "$(inherited) @executable_path/Frameworks @loader_path/Frameworks";
				METAL_ENABLE_DEBUG_INFO = YES;
				PRODUCT_NAME = "$(TARGET_NAME)";
				TEST_HOST = "$(BUNDLE_LOADER)";
			};
			name = Debug;
		};
		9C2F0F9D198B1D85009CE205 /* Release */ = {
			isa = XCBuildConfiguration;
			buildSettings = {
				BUNDLE_LOADER = "$(BUILT_PRODUCTS_DIR)/FaceMerge.app/FaceMerge";
				FRAMEWORK_SEARCH_PATHS = (
					"$(SDKROOT)/Developer/Library/Frameworks",
					"$(inherited)",
				);
				INFOPLIST_FILE = FaceMergeTests/Info.plist;
				LD_RUNPATH_SEARCH_PATHS = "$(inherited) @executable_path/Frameworks @loader_path/Frameworks";
				METAL_ENABLE_DEBUG_INFO = NO;
				PRODUCT_NAME = "$(TARGET_NAME)";
				TEST_HOST = "$(BUNDLE_LOADER)";
			};
			name = Release;
		};
/* End XCBuildConfiguration section */

/* Begin XCConfigurationList section */
		9C2F0F79198B1D85009CE205 /* Build configuration list for PBXProject "FaceMerge" */ = {
			isa = XCConfigurationList;
			buildConfigurations = (
				9C2F0F96198B1D85009CE205 /* Debug */,
				9C2F0F97198B1D85009CE205 /* Release */,
			);
			defaultConfigurationIsVisible = 0;
			defaultConfigurationName = Release;
		};
		9C2F0F98198B1D85009CE205 /* Build configuration list for PBXNativeTarget "FaceMerge" */ = {
			isa = XCConfigurationList;
			buildConfigurations = (
				9C2F0F99198B1D85009CE205 /* Debug */,
				9C2F0F9A198B1D85009CE205 /* Release */,
			);
			defaultConfigurationIsVisible = 0;
		};
		9C2F0F9B198B1D85009CE205 /* Build configuration list for PBXNativeTarget "FaceMergeTests" */ = {
			isa = XCConfigurationList;
			buildConfigurations = (
				9C2F0F9C198B1D85009CE205 /* Debug */,
				9C2F0F9D198B1D85009CE205 /* Release */,
			);
			defaultConfigurationIsVisible = 0;
		};
/* End XCConfigurationList section */
	};
	rootObject = 9C2F0F76198B1D85009CE205 /* Project object */;
}
